
Microsoft Visual Studio Solution File, Format Version 12.00
# Visual Studio Version 16
VisualStudioVersion = 16.0.32106.194
MinimumVisualStudioVersion = 10.0.40219.1
Project("{FAE04EC0-301F-11D3-BF4B-00C04F79EFBC}") = "Aday-DA", "Aday-DA\Aday-DA.csproj", "{CC871626-DA0D-4456-895B-CE802A4CB6B3}"
EndProject
Global
	GlobalSection(SolutionConfigurationPlatforms) = preSolution
		Debug|Any CPU = Debug|Any CPU
		Release|Any CPU = Release|Any CPU
	EndGlobalSection
	GlobalSection(ProjectConfigurationPlatforms) = postSolution
		{CC871626-DA0D-4456-895B-CE802A4CB6B3}.Debug|Any CPU.ActiveCfg = Debug|Any CPU
		{CC871626-DA0D-4456-895B-CE802A4CB6B3}.Debug|Any CPU.Build.0 = Debug|Any CPU
		{CC871626-DA0D-4456-895B-CE802A4CB6B3}.Release|Any CPU.ActiveCfg = Release|Any CPU
		{CC871626-DA0D-4456-895B-CE802A4CB6B3}.Release|Any CPU.Build.0 = Release|Any CPU
	EndGlobalSection
	GlobalSection(SolutionProperties) = preSolution
		HideSolutionNode = FALSE
	EndGlobalSection
	GlobalSection(ExtensibilityGlobals) = postSolution
		SolutionGuid = {98A3EF66-9567-4097-85B6-C7C1F5BC459A}
	EndGlobalSection
EndGlobal
